
Microsoft Visual Studio Solution File, Format Version 12.00
# Visual Studio Version 16
VisualStudioVersion = 16.0.29201.188
MinimumVisualStudioVersion = 10.0.40219.1
Project("{FAE04EC0-301F-11D3-BF4B-00C04F79EFBC}") = "FinalCapstone", "FinalCapstone\FinalCapstone.csproj", "{6184CAC2-E4B1-4B95-8AF1-A4AAC2584D5B}"
EndProject
Global
	GlobalSection(SolutionConfigurationPlatforms) = preSolution
		Debug|Any CPU = Debug|Any CPU
		Release|Any CPU = Release|Any CPU
	EndGlobalSection
	GlobalSection(ProjectConfigurationPlatforms) = postSolution
		{6184CAC2-E4B1-4B95-8AF1-A4AAC2584D5B}.Debug|Any CPU.ActiveCfg = Debug|Any CPU
		{6184CAC2-E4B1-4B95-8AF1-A4AAC2584D5B}.Debug|Any CPU.Build.0 = Debug|Any CPU
		{6184CAC2-E4B1-4B95-8AF1-A4AAC2584D5B}.Release|Any CPU.ActiveCfg = Release|Any CPU
		{6184CAC2-E4B1-4B95-8AF1-A4AAC2584D5B}.Release|Any CPU.Build.0 = Release|Any CPU
	EndGlobalSection
	GlobalSection(SolutionProperties) = preSolution
		HideSolutionNode = FALSE
	EndGlobalSection
	GlobalSection(ExtensibilityGlobals) = postSolution
		SolutionGuid = {5752A6A9-A009-41E9-9CA5-6F4DB2FC9E39}
	EndGlobalSection
EndGlobal
